
Microsoft Visual Studio Solution File, Format Version 12.00
# Visual Studio Version 17
VisualStudioVersion = 17.9.34607.119
MinimumVisualStudioVersion = 10.0.40219.1
Project("{FAE04EC0-301F-11D3-BF4B-00C04F79EFBC}") = "ClassLibrary", "ClassLibrary\ClassLibrary.csproj", "{23069694-3DE3-45A6-AB81-DA75983076AB}"
EndProject
Project("{FAE04EC0-301F-11D3-BF4B-00C04F79EFBC}") = "UnitTestProject1", "UnitTestProject1\UnitTestProject1.csproj", "{92A1EC02-E47B-4318-91C3-E85A3B2DA5EB}"
EndProject
Global
	GlobalSection(SolutionConfigurationPlatforms) = preSolution
		Debug|Any CPU = Debug|Any CPU
		Release|Any CPU = Release|Any CPU
	EndGlobalSection
	GlobalSection(ProjectConfigurationPlatforms) = postSolution
		{23069694-3DE3-45A6-AB81-DA75983076AB}.Debug|Any CPU.ActiveCfg = Debug|Any CPU
		{23069694-3DE3-45A6-AB81-DA75983076AB}.Debug|Any CPU.Build.0 = Debug|Any CPU
		{23069694-3DE3-45A6-AB81-DA75983076AB}.Release|Any CPU.ActiveCfg = Release|Any CPU
		{23069694-3DE3-45A6-AB81-DA75983076AB}.Release|Any CPU.Build.0 = Release|Any CPU
		{92A1EC02-E47B-4318-91C3-E85A3B2DA5EB}.Debug|Any CPU.ActiveCfg = Debug|Any CPU
		{92A1EC02-E47B-4318-91C3-E85A3B2DA5EB}.Debug|Any CPU.Build.0 = Debug|Any CPU
		{92A1EC02-E47B-4318-91C3-E85A3B2DA5EB}.Release|Any CPU.ActiveCfg = Release|Any CPU
		{92A1EC02-E47B-4318-91C3-E85A3B2DA5EB}.Release|Any CPU.Build.0 = Release|Any CPU
	EndGlobalSection
	GlobalSection(SolutionProperties) = preSolution
		HideSolutionNode = FALSE
	EndGlobalSection
	GlobalSection(ExtensibilityGlobals) = postSolution
		SolutionGuid = {2C0B2152-CB02-4015-B912-448433DFEE78}
	EndGlobalSection
EndGlobal
